
Microsoft Visual Studio Solution File, Format Version 12.00
# Visual Studio 15
VisualStudioVersion = 15.0.28010.2016
MinimumVisualStudioVersion = 10.0.40219.1
Project("{FAE04EC0-301F-11D3-BF4B-00C04F79EFBC}") = "TheSimpleList.Android", "TheSimpleList\TheSimpleList.Android\TheSimpleList.Android.csproj", "{6AC982D6-AEE3-4BA9-B6FB-76F1C78984C0}"
EndProject
Project("{9A19103F-16F7-4668-BE54-9A1E7A4F7556}") = "TheSimpleList", "TheSimpleList\TheSimpleList\TheSimpleList.csproj", "{CC3125DC-ADCF-4CC9-BD02-F25BCE2FC045}"
EndProject
Project("{FAE04EC0-301F-11D3-BF4B-00C04F79EFBC}") = "TestProject", "TestProject\TestProject.csproj", "{FD39CCB7-0FA1-46AC-BA64-5CBE64ECFD83}"
EndProject
Global
	GlobalSection(SolutionConfigurationPlatforms) = preSolution
		Debug|Any CPU = Debug|Any CPU
		Release|Any CPU = Release|Any CPU
	EndGlobalSection
	GlobalSection(ProjectConfigurationPlatforms) = postSolution
		{6AC982D6-AEE3-4BA9-B6FB-76F1C78984C0}.Debug|Any CPU.ActiveCfg = Debug|Any CPU
		{6AC982D6-AEE3-4BA9-B6FB-76F1C78984C0}.Debug|Any CPU.Build.0 = Debug|Any CPU
		{6AC982D6-AEE3-4BA9-B6FB-76F1C78984C0}.Debug|Any CPU.Deploy.0 = Debug|Any CPU
		{6AC982D6-AEE3-4BA9-B6FB-76F1C78984C0}.Release|Any CPU.ActiveCfg = Release|Any CPU
		{6AC982D6-AEE3-4BA9-B6FB-76F1C78984C0}.Release|Any CPU.Build.0 = Release|Any CPU
		{6AC982D6-AEE3-4BA9-B6FB-76F1C78984C0}.Release|Any CPU.Deploy.0 = Release|Any CPU
		{CC3125DC-ADCF-4CC9-BD02-F25BCE2FC045}.Debug|Any CPU.ActiveCfg = Debug|Any CPU
		{CC3125DC-ADCF-4CC9-BD02-F25BCE2FC045}.Debug|Any CPU.Build.0 = Debug|Any CPU
		{CC3125DC-ADCF-4CC9-BD02-F25BCE2FC045}.Release|Any CPU.ActiveCfg = Release|Any CPU
		{CC3125DC-ADCF-4CC9-BD02-F25BCE2FC045}.Release|Any CPU.Build.0 = Release|Any CPU
		{FD39CCB7-0FA1-46AC-BA64-5CBE64ECFD83}.Debug|Any CPU.ActiveCfg = Debug|Any CPU
		{FD39CCB7-0FA1-46AC-BA64-5CBE64ECFD83}.Debug|Any CPU.Build.0 = Debug|Any CPU
		{FD39CCB7-0FA1-46AC-BA64-5CBE64ECFD83}.Release|Any CPU.ActiveCfg = Release|Any CPU
		{FD39CCB7-0FA1-46AC-BA64-5CBE64ECFD83}.Release|Any CPU.Build.0 = Release|Any CPU
	EndGlobalSection
	GlobalSection(SolutionProperties) = preSolution
		HideSolutionNode = FALSE
	EndGlobalSection
	GlobalSection(ExtensibilityGlobals) = postSolution
		SolutionGuid = {ABEF6EF3-EE4B-4D6B-85CF-A08736B82864}
	EndGlobalSection
EndGlobal
